
Microsoft Visual Studio Solution File, Format Version 12.00
# Visual Studio Version 16
VisualStudioVersion = 16.0.30503.244
MinimumVisualStudioVersion = 10.0.40219.1
Project("{FAE04EC0-301F-11D3-BF4B-00C04F79EFBC}") = "SistemaDeProveedores", "SistemaDeProveedores\SistemaDeProveedores.csproj", "{B07962F5-2F3B-4288-B714-749E3F7EDA58}"
EndProject
Project("{FAE04EC0-301F-11D3-BF4B-00C04F79EFBC}") = "SistemaProveedoresFrontend", "SistemaProveedoresFrontend\SistemaProveedoresFrontend.csproj", "{6DA6BA84-A25A-4EE4-8366-70B9D273E2A3}"
EndProject
Global
	GlobalSection(SolutionConfigurationPlatforms) = preSolution
		Debug|Any CPU = Debug|Any CPU
		Release|Any CPU = Release|Any CPU
	EndGlobalSection
	GlobalSection(ProjectConfigurationPlatforms) = postSolution
		{B07962F5-2F3B-4288-B714-749E3F7EDA58}.Debug|Any CPU.ActiveCfg = Debug|Any CPU
		{B07962F5-2F3B-4288-B714-749E3F7EDA58}.Debug|Any CPU.Build.0 = Debug|Any CPU
		{B07962F5-2F3B-4288-B714-749E3F7EDA58}.Release|Any CPU.ActiveCfg = Release|Any CPU
		{B07962F5-2F3B-4288-B714-749E3F7EDA58}.Release|Any CPU.Build.0 = Release|Any CPU
		{6DA6BA84-A25A-4EE4-8366-70B9D273E2A3}.Debug|Any CPU.ActiveCfg = Debug|Any CPU
		{6DA6BA84-A25A-4EE4-8366-70B9D273E2A3}.Debug|Any CPU.Build.0 = Debug|Any CPU
		{6DA6BA84-A25A-4EE4-8366-70B9D273E2A3}.Release|Any CPU.ActiveCfg = Release|Any CPU
		{6DA6BA84-A25A-4EE4-8366-70B9D273E2A3}.Release|Any CPU.Build.0 = Release|Any CPU
	EndGlobalSection
	GlobalSection(SolutionProperties) = preSolution
		HideSolutionNode = FALSE
	EndGlobalSection
	GlobalSection(ExtensibilityGlobals) = postSolution
		SolutionGuid = {B63BE20E-20E6-465B-998D-5ABB8C7CE70E}
	EndGlobalSection
EndGlobal
